
Microsoft Visual Studio Solution File, Format Version 12.00
# Visual Studio Version 16
VisualStudioVersion = 16.0.30503.244
MinimumVisualStudioVersion = 10.0.40219.1
Project("{FAE04EC0-301F-11D3-BF4B-00C04F79EFBC}") = "ConsoleApp1005", "ConsoleApp1005\ConsoleApp1005.csproj", "{4AE8B4FC-B5ED-485F-8C44-F8FCC15D80DE}"
EndProject
Global
	GlobalSection(SolutionConfigurationPlatforms) = preSolution
		Debug|Any CPU = Debug|Any CPU
		Release|Any CPU = Release|Any CPU
	EndGlobalSection
	GlobalSection(ProjectConfigurationPlatforms) = postSolution
		{4AE8B4FC-B5ED-485F-8C44-F8FCC15D80DE}.Debug|Any CPU.ActiveCfg = Debug|Any CPU
		{4AE8B4FC-B5ED-485F-8C44-F8FCC15D80DE}.Debug|Any CPU.Build.0 = Debug|Any CPU
		{4AE8B4FC-B5ED-485F-8C44-F8FCC15D80DE}.Release|Any CPU.ActiveCfg = Release|Any CPU
		{4AE8B4FC-B5ED-485F-8C44-F8FCC15D80DE}.Release|Any CPU.Build.0 = Release|Any CPU
	EndGlobalSection
	GlobalSection(SolutionProperties) = preSolution
		HideSolutionNode = FALSE
	EndGlobalSection
	GlobalSection(ExtensibilityGlobals) = postSolution
		SolutionGuid = {85118AB8-2BD5-4100-8213-BAEADDB2ED20}
	EndGlobalSection
EndGlobal
